
Microsoft Visual Studio Solution File, Format Version 12.00
# Visual Studio Version 16
VisualStudioVersion = 16.0.810.1
MinimumVisualStudioVersion = 10.0.40219.1
Project("{FAE04EC0-301F-11D3-BF4B-00C04F79EFBC}") = "aspnet-microservices", "aspnet-microservices\aspnet-microservices.csproj", "{BD643611-A570-48E7-884D-09FD0948AA96}"
EndProject
Global
	GlobalSection(SolutionConfigurationPlatforms) = preSolution
		Debug|Any CPU = Debug|Any CPU
		Release|Any CPU = Release|Any CPU
	EndGlobalSection
	GlobalSection(ProjectConfigurationPlatforms) = postSolution
		{BD643611-A570-48E7-884D-09FD0948AA96}.Debug|Any CPU.ActiveCfg = Debug|Any CPU
		{BD643611-A570-48E7-884D-09FD0948AA96}.Debug|Any CPU.Build.0 = Debug|Any CPU
		{BD643611-A570-48E7-884D-09FD0948AA96}.Release|Any CPU.ActiveCfg = Release|Any CPU
		{BD643611-A570-48E7-884D-09FD0948AA96}.Release|Any CPU.Build.0 = Release|Any CPU
	EndGlobalSection
	GlobalSection(SolutionProperties) = preSolution
		HideSolutionNode = FALSE
	EndGlobalSection
	GlobalSection(ExtensibilityGlobals) = postSolution
		SolutionGuid = {37E98841-063B-4E5D-9CCC-1A768014D785}
	EndGlobalSection
EndGlobal
